
Microsoft Visual Studio Solution File, Format Version 12.00
# Visual Studio Version 17
VisualStudioVersion = 17.2.32602.215
MinimumVisualStudioVersion = 10.0.40219.1
Project("{9A19103F-16F7-4668-BE54-9A1E7A4F7556}") = "Godot", "Godot.csproj", "{8AF30905-31CB-4F05-A3C5-E743FD3ED129}"
EndProject
Project("{FAE04EC0-301F-11D3-BF4B-00C04F79EFBC}") = "SpecFlowProject", "..\SpecFlowProject\SpecFlowProject.csproj", "{FA34C631-E5A0-49FC-B45F-BB9486A083B2}"
EndProject
Project("{2150E333-8FDC-42A3-9474-1A3956D46DE8}") = "Files", "Files", "{7AAB7F24-3809-43C2-8E77-519752520408}"
	ProjectSection(SolutionItems) = preProject
		..\README.md = ..\README.md
	EndProjectSection
EndProject
Global
	GlobalSection(SolutionConfigurationPlatforms) = preSolution
		Debug|Any CPU = Debug|Any CPU
		ExportDebug|Any CPU = ExportDebug|Any CPU
		ExportRelease|Any CPU = ExportRelease|Any CPU
		Release|Any CPU = Release|Any CPU
	EndGlobalSection
	GlobalSection(ProjectConfigurationPlatforms) = postSolution
		{8AF30905-31CB-4F05-A3C5-E743FD3ED129}.Debug|Any CPU.ActiveCfg = Debug|Any CPU
		{8AF30905-31CB-4F05-A3C5-E743FD3ED129}.Debug|Any CPU.Build.0 = Debug|Any CPU
		{8AF30905-31CB-4F05-A3C5-E743FD3ED129}.ExportDebug|Any CPU.ActiveCfg = ExportDebug|Any CPU
		{8AF30905-31CB-4F05-A3C5-E743FD3ED129}.ExportDebug|Any CPU.Build.0 = ExportDebug|Any CPU
		{8AF30905-31CB-4F05-A3C5-E743FD3ED129}.ExportRelease|Any CPU.ActiveCfg = ExportRelease|Any CPU
		{8AF30905-31CB-4F05-A3C5-E743FD3ED129}.ExportRelease|Any CPU.Build.0 = ExportRelease|Any CPU
		{8AF30905-31CB-4F05-A3C5-E743FD3ED129}.Release|Any CPU.ActiveCfg = ExportRelease|Any CPU
		{8AF30905-31CB-4F05-A3C5-E743FD3ED129}.Release|Any CPU.Build.0 = ExportRelease|Any CPU
		{FA34C631-E5A0-49FC-B45F-BB9486A083B2}.Debug|Any CPU.ActiveCfg = Debug|Any CPU
		{FA34C631-E5A0-49FC-B45F-BB9486A083B2}.Debug|Any CPU.Build.0 = Debug|Any CPU
		{FA34C631-E5A0-49FC-B45F-BB9486A083B2}.ExportDebug|Any CPU.ActiveCfg = Debug|Any CPU
		{FA34C631-E5A0-49FC-B45F-BB9486A083B2}.ExportDebug|Any CPU.Build.0 = Debug|Any CPU
		{FA34C631-E5A0-49FC-B45F-BB9486A083B2}.ExportRelease|Any CPU.ActiveCfg = Release|Any CPU
		{FA34C631-E5A0-49FC-B45F-BB9486A083B2}.ExportRelease|Any CPU.Build.0 = Release|Any CPU
		{FA34C631-E5A0-49FC-B45F-BB9486A083B2}.Release|Any CPU.ActiveCfg = Release|Any CPU
		{FA34C631-E5A0-49FC-B45F-BB9486A083B2}.Release|Any CPU.Build.0 = Release|Any CPU
	EndGlobalSection
	GlobalSection(SolutionProperties) = preSolution
		HideSolutionNode = FALSE
	EndGlobalSection
	GlobalSection(ExtensibilityGlobals) = postSolution
		SolutionGuid = {72C4F34E-5731-4782-B165-136500AB7086}
	EndGlobalSection
EndGlobal
